
Microsoft Visual Studio Solution File, Format Version 12.00
# Visual Studio Version 17
VisualStudioVersion = 17.3.32901.215
MinimumVisualStudioVersion = 10.0.40219.1
Project("{9A19103F-16F7-4668-BE54-9A1E7A4F7556}") = "SeleniumCSharpTutorial", "SeleniumCSharpTutorial\SeleniumCSharpTutorial.csproj", "{5F0B23C6-D480-4BBA-B0D9-ED0C8B5F78F1}"
EndProject
Global
	GlobalSection(SolutionConfigurationPlatforms) = preSolution
		Debug|Any CPU = Debug|Any CPU
		Release|Any CPU = Release|Any CPU
	EndGlobalSection
	GlobalSection(ProjectConfigurationPlatforms) = postSolution
		{5F0B23C6-D480-4BBA-B0D9-ED0C8B5F78F1}.Debug|Any CPU.ActiveCfg = Debug|Any CPU
		{5F0B23C6-D480-4BBA-B0D9-ED0C8B5F78F1}.Debug|Any CPU.Build.0 = Debug|Any CPU
		{5F0B23C6-D480-4BBA-B0D9-ED0C8B5F78F1}.Release|Any CPU.ActiveCfg = Release|Any CPU
		{5F0B23C6-D480-4BBA-B0D9-ED0C8B5F78F1}.Release|Any CPU.Build.0 = Release|Any CPU
	EndGlobalSection
	GlobalSection(SolutionProperties) = preSolution
		HideSolutionNode = FALSE
	EndGlobalSection
	GlobalSection(ExtensibilityGlobals) = postSolution
		SolutionGuid = {CE822AE5-0D40-46E9-8006-3A6738D806F7}
	EndGlobalSection
EndGlobal
